
Microsoft Visual Studio Solution File, Format Version 12.00
# Visual Studio Version 17
VisualStudioVersion = 17.8.34408.163
MinimumVisualStudioVersion = 10.0.40219.1
Project("{2150E333-8FDC-42A3-9474-1A3956D46DE8}") = "FrontEnd", "FrontEnd", "{6FC78A3F-2552-456B-B451-7E45D75547D5}"
EndProject
Project("{2150E333-8FDC-42A3-9474-1A3956D46DE8}") = "Services", "Services", "{96B75FF5-8BFD-453F-942F-F7826EC98C28}"
EndProject
Project("{FAE04EC0-301F-11D3-BF4B-00C04F79EFBC}") = "Shopping.Web", "Shopping.Web\Shopping.Web.csproj", "{0141C375-93E0-4E97-82A9-85126C795C5F}"
EndProject
Project("{FAE04EC0-301F-11D3-BF4B-00C04F79EFBC}") = "Shopping.ProductAPI", "Shopping.ProductAPI\Shopping.ProductAPI.csproj", "{B9D3D87D-9B0C-4EB7-9519-8F8F351DFB63}"
EndProject
Global
	GlobalSection(SolutionConfigurationPlatforms) = preSolution
		Debug|Any CPU = Debug|Any CPU
		Release|Any CPU = Release|Any CPU
	EndGlobalSection
	GlobalSection(ProjectConfigurationPlatforms) = postSolution
		{0141C375-93E0-4E97-82A9-85126C795C5F}.Debug|Any CPU.ActiveCfg = Debug|Any CPU
		{0141C375-93E0-4E97-82A9-85126C795C5F}.Debug|Any CPU.Build.0 = Debug|Any CPU
		{0141C375-93E0-4E97-82A9-85126C795C5F}.Release|Any CPU.ActiveCfg = Release|Any CPU
		{0141C375-93E0-4E97-82A9-85126C795C5F}.Release|Any CPU.Build.0 = Release|Any CPU
		{B9D3D87D-9B0C-4EB7-9519-8F8F351DFB63}.Debug|Any CPU.ActiveCfg = Debug|Any CPU
		{B9D3D87D-9B0C-4EB7-9519-8F8F351DFB63}.Debug|Any CPU.Build.0 = Debug|Any CPU
		{B9D3D87D-9B0C-4EB7-9519-8F8F351DFB63}.Release|Any CPU.ActiveCfg = Release|Any CPU
		{B9D3D87D-9B0C-4EB7-9519-8F8F351DFB63}.Release|Any CPU.Build.0 = Release|Any CPU
	EndGlobalSection
	GlobalSection(SolutionProperties) = preSolution
		HideSolutionNode = FALSE
	EndGlobalSection
	GlobalSection(NestedProjects) = preSolution
		{0141C375-93E0-4E97-82A9-85126C795C5F} = {6FC78A3F-2552-456B-B451-7E45D75547D5}
		{B9D3D87D-9B0C-4EB7-9519-8F8F351DFB63} = {96B75FF5-8BFD-453F-942F-F7826EC98C28}
	EndGlobalSection
	GlobalSection(ExtensibilityGlobals) = postSolution
		SolutionGuid = {606768A7-FDA9-49A7-B7AB-EE3DBE9457F4}
	EndGlobalSection
EndGlobal
